# Generated by buf. DO NOT EDIT.
version: v2
deps:
  - name: buf.build/cncf/xds
    commit: 2456e1dfc0664e7596d7f3b20f4b62d0
    digest: b5:412ce915a722e7e653426107531cfbfea5a263afd438b2778c03f1dc8f75628e5baf791e513324e5ccff0197be2f91aa174629b8353966d38c295bd86bc2cebb
  - name: buf.build/envoyproxy/envoy
    commit: a1266651d6584d47aac6224843b0e6f7
    digest: b5:ccbc113b85297157b491bc15fee003cf1367a5ad668775d21864d005a0103d6b814fdeb7dc05d71949098ba565d06011712eea75e190f3a90eeeb9f1401c0f22
  - name: buf.build/envoyproxy/protoc-gen-validate
    commit: daf171c6cdb54629b5f51e345a79e4dd
    digest: b5:c745e1521879f43740230b1df673d0729f55704efefdcfc489d4a0a2d40c92a26cacfeab62813403040a8b180142d53b398c7ca784a065e43823605ee49681de
  - name: buf.build/google/cel-spec
    commit: 96eff7bcf453468dbd44b80598bfe1bf
    digest: b5:660c244ec1e8a0f26c5431e1901f1d52d322c7ee3fd240cb6832f44d0694384a36ded008af457a9e5268c73adfa00170e972ac4fe44752a693424b3479f30b82
  - name: buf.build/googleapis/googleapis
    commit: c17df5b2beca46928cc87d5656bd5343
    digest: b5:648a01e0170d4512dea7d564016165decd1ed6e34bef79fe54753e51ad7e27545709ad9157d7551270147d551155c595a2fb0bf5bb33b1c83040ddbce915c604
  - name: buf.build/opentelemetry/opentelemetry
    commit: 41ecbd638b414ccd893b285e3f587991
    digest: b5:39976f28b39ef7949e9cdc3dd2dde118dd46890c9ba81342b38cfafbc5cbfdd938375e8913b6c73259ccf07920c3e366e944dfb9b346ef36441e437fb7823109
  - name: buf.build/prometheus/client-model
    commit: e171c0b235c546d5a9a597c2961bd357
    digest: b5:c26899a8592079d1f0cc168dee57c70df022d07c450ad0560fac8a1c6b5b9f73cbc6c44a21a67afbeb32e1e2127cf02c4e7f34368c8685a33b56bd936ea4273e
